
Microsoft Visual Studio Solution File, Format Version 12.00
# Visual Studio Version 17
VisualStudioVersion = 17.5.33414.496
MinimumVisualStudioVersion = 10.0.40219.1
Project("{FAE04EC0-301F-11D3-BF4B-00C04F79EFBC}") = "LitleConsoleGame2", "LitleConsoleGame2.csproj", "{3FBC61EF-2F6B-4504-B485-2519C2F5206D}"
EndProject
Global
	GlobalSection(SolutionConfigurationPlatforms) = preSolution
		Debug|Any CPU = Debug|Any CPU
		Release|Any CPU = Release|Any CPU
	EndGlobalSection
	GlobalSection(ProjectConfigurationPlatforms) = postSolution
		{3FBC61EF-2F6B-4504-B485-2519C2F5206D}.Debug|Any CPU.ActiveCfg = Debug|Any CPU
		{3FBC61EF-2F6B-4504-B485-2519C2F5206D}.Debug|Any CPU.Build.0 = Debug|Any CPU
		{3FBC61EF-2F6B-4504-B485-2519C2F5206D}.Release|Any CPU.ActiveCfg = Release|Any CPU
		{3FBC61EF-2F6B-4504-B485-2519C2F5206D}.Release|Any CPU.Build.0 = Release|Any CPU
	EndGlobalSection
	GlobalSection(SolutionProperties) = preSolution
		HideSolutionNode = FALSE
	EndGlobalSection
	GlobalSection(ExtensibilityGlobals) = postSolution
		SolutionGuid = {5E432C36-133D-4387-8910-E33FDBDA0BEC}
	EndGlobalSection
EndGlobal
